<?xml version="1.0" encoding="utf-8"?>
<Project ToolsVersion="4.0" xmlns="http://schemas.microsoft.com/developer/msbuild/2003">
  <ItemGroup>
    <Filter Include="Source Files">
      <UniqueIdentifier>{4FC737F1-C7A5-4376-A066-2A32D752A2FF}</UniqueIdentifier>
      <Extensions>cpp;c;cc;cxx;c++;cppm;ixx;def;odl;idl;hpj;bat;asm;asmx</Extensions>
    </Filter>
    <Filter Include="Header Files">
      <UniqueIdentifier>{93995380-89BD-4b04-88EB-625FBE52EBFB}</UniqueIdentifier>
      <Extensions>h;hh;hpp;hxx;h++;hm;inl;inc;ipp;xsd</Extensions>
    </Filter>
    <Filter Include="Resource Files">
      <UniqueIdentifier>{67DA6AB6-F800-4c08-8B7A-83BB121AAD01}</UniqueIdentifier>
      <Extensions>rc;ico;cur;bmp;dlg;rc2;rct;bin;rgs;gif;jpg;jpeg;jpe;resx;tiff;tif;png;wav;mfcribbon-ms</Extensions>
    </Filter>
    <Filter Include="Source Files\ui">
      <UniqueIdentifier>{07fc546c-c920-47d8-a7fc-90b4cbeb3680}</UniqueIdentifier>
    </Filter>
    <Filter Include="Source Files\entities">
      <UniqueIdentifier>{20018bc2-79c1-4e39-88fd-7771eb0a4b4a}</UniqueIdentifier>
    </Filter>
    <Filter Include="Source Files\entities\projectile">
      <UniqueIdentifier>{43313c74-6f35-4a23-a321-8d2517ea7635}</UniqueIdentifier>
    </Filter>
    <Filter Include="Source Files\entities\npcs">
      <UniqueIdentifier>{50f987b4-7050-4ac4-89e4-eab07925713d}</UniqueIdentifier>
    </Filter>
    <Filter Include="Source Files\collision">
      <UniqueIdentifier>{a2b83063-fe59-4ddf-a5c0-1e902676b71e}</UniqueIdentifier>
    </Filter>
    <Filter Include="Source Files\environment">
      <UniqueIdentifier>{906a02c8-b68d-43db-bba6-179fd9213bf9}</UniqueIdentifier>
    </Filter>
  </ItemGroup>
  <ItemGroup>
    <ClCompile Include="main.cpp">
      <Filter>Source Files</Filter>
    </ClCompile>
    <ClCompile Include="program.cpp">
      <Filter>Source Files</Filter>
    </ClCompile>
    <ClCompile Include="util.cpp">
      <Filter>Source Files</Filter>
    </ClCompile>
    <ClCompile Include="button.cpp">
      <Filter>Source Files\ui</Filter>
    </ClCompile>
    <ClCompile Include="res.cpp">
      <Filter>Source Files</Filter>
    </ClCompile>
    <ClCompile Include="panel.cpp">
      <Filter>Source Files\ui</Filter>
    </ClCompile>
    <ClCompile Include="player.cpp">
      <Filter>Source Files</Filter>
    </ClCompile>
    <ClCompile Include="projectile.cpp">
      <Filter>Source Files\entities\projectile</Filter>
    </ClCompile>
    <ClCompile Include="projectilemgr.cpp">
      <Filter>Source Files\entities\projectile</Filter>
    </ClCompile>
    <ClCompile Include="npc.cpp">
      <Filter>Source Files\entities\npcs</Filter>
    </ClCompile>
    <ClCompile Include="circularbound.cpp">
      <Filter>Source Files\collision</Filter>
    </ClCompile>
    <ClCompile Include="npcmgr.cpp">
      <Filter>Source Files\entities\npcs</Filter>
    </ClCompile>
    <ClCompile Include="healthbar.cpp">
      <Filter>Source Files\ui</Filter>
    </ClCompile>
    <ClCompile Include="popuptext.cpp">
      <Filter>Source Files\ui</Filter>
    </ClCompile>
    <ClCompile Include="popupmgr.cpp">
      <Filter>Source Files\ui</Filter>
    </ClCompile>
    <ClCompile Include="squarebounds.cpp">
      <Filter>Source Files\collision</Filter>
    </ClCompile>
    <ClCompile Include="tile.cpp">
      <Filter>Source Files\environment</Filter>
    </ClCompile>
    <ClCompile Include="tilemgr.cpp">
      <Filter>Source Files\environment</Filter>
    </ClCompile>
  </ItemGroup>
  <ItemGroup>
    <ClInclude Include="program.h">
      <Filter>Header Files</Filter>
    </ClInclude>
    <ClInclude Include="util.h">
      <Filter>Header Files</Filter>
    </ClInclude>
    <ClInclude Include="gui.h">
      <Filter>Header Files</Filter>
    </ClInclude>
    <ClInclude Include="res.h">
      <Filter>Header Files</Filter>
    </ClInclude>
    <ClInclude Include="player.h">
      <Filter>Header Files</Filter>
    </ClInclude>
    <ClInclude Include="entity.h">
      <Filter>Header Files</Filter>
    </ClInclude>
    <ClInclude Include="collision.h">
      <Filter>Header Files</Filter>
    </ClInclude>
    <ClInclude Include="environment.h">
      <Filter>Header Files</Filter>
    </ClInclude>
    <ClInclude Include="weapons.h">
      <Filter>Header Files</Filter>
    </ClInclude>
    <ClInclude Include="inventory.h">
      <Filter>Header Files</Filter>
    </ClInclude>
  </ItemGroup>
</Project>